// !$*UTF8*$!
{
	archiveVersion = 1;
	classes = {
	};
	objectVersion = 56;
	objects = {

/* Begin PBXBuildFile section */
		8CF801D62BCB822700EC8586 /* CoinGeckoApp.swift in Sources */ = {isa = PBXBuildFile; fileRef = 8CF801D52BCB822700EC8586 /* CoinGeckoApp.swift */; };
		8CF801D82BCB822700EC8586 /* CoinListView.swift in Sources */ = {isa = PBXBuildFile; fileRef = 8CF801D72BCB822700EC8586 /* CoinListView.swift */; };
		8CF801DA2BCB822900EC8586 /* Assets.xcassets in Resources */ = {isa = PBXBuildFile; fileRef = 8CF801D92BCB822900EC8586 /* Assets.xcassets */; };
		8CF801DD2BCB822900EC8586 /* Preview Assets.xcassets in Resources */ = {isa = PBXBuildFile; fileRef = 8CF801DC2BCB822900EC8586 /* Preview Assets.xcassets */; };
		8CF801E72BCB822900EC8586 /* CoinGeckoTests.swift in Sources */ = {isa = PBXBuildFile; fileRef = 8CF801E62BCB822900EC8586 /* CoinGeckoTests.swift */; };
		8CF801F12BCB822900EC8586 /* CoinGeckoUITests.swift in Sources */ = {isa = PBXBuildFile; fileRef = 8CF801F02BCB822900EC8586 /* CoinGeckoUITests.swift */; };
		8CF801F32BCB822900EC8586 /* CoinGeckoUITestsLaunchTests.swift in Sources */ = {isa = PBXBuildFile; fileRef = 8CF801F22BCB822900EC8586 /* CoinGeckoUITestsLaunchTests.swift */; };
		8CF802002BCB823100EC8586 /* Configuration.swift in Sources */ = {isa = PBXBuildFile; fileRef = 8CF801FF2BCB823100EC8586 /* Configuration.swift */; };
		8CF802022BCB827700EC8586 /* APIService.swift in Sources */ = {isa = PBXBuildFile; fileRef = 8CF802012BCB827700EC8586 /* APIService.swift */; };
		8CF802042BCB84D400EC8586 /* CGCoin.swift in Sources */ = {isa = PBXBuildFile; fileRef = 8CF802032BCB84D400EC8586 /* CGCoin.swift */; };
		8CF8020B2BCB856600EC8586 /* CoinView.swift in Sources */ = {isa = PBXBuildFile; fileRef = 8CF8020A2BCB856600EC8586 /* CoinView.swift */; };
		8CF8020D2BCB859F00EC8586 /* CG+Mock.swift in Sources */ = {isa = PBXBuildFile; fileRef = 8CF8020C2BCB859F00EC8586 /* CG+Mock.swift */; };
		8CF8020F2BCC043700EC8586 /* CoinList+ViewModel.swift in Sources */ = {isa = PBXBuildFile; fileRef = 8CF8020E2BCC043700EC8586 /* CoinList+ViewModel.swift */; };
		8CF802112BCC0FA800EC8586 /* CGError.swift in Sources */ = {isa = PBXBuildFile; fileRef = 8CF802102BCC0FA800EC8586 /* CGError.swift */; };
		8CF802132BCCAA3D00EC8586 /* CGSort.swift in Sources */ = {isa = PBXBuildFile; fileRef = 8CF802122BCCAA3D00EC8586 /* CGSort.swift */; };
		8CF802172BD0B05200EC8586 /* CoinDetailView.swift in Sources */ = {isa = PBXBuildFile; fileRef = 8CF802162BD0B05200EC8586 /* CoinDetailView.swift */; };
		8CF802192BD0B83000EC8586 /* LogoView.swift in Sources */ = {isa = PBXBuildFile; fileRef = 8CF802182BD0B83000EC8586 /* LogoView.swift */; };
		8CF8021C2BD0B96000EC8586 /* Double.swift in Sources */ = {isa = PBXBuildFile; fileRef = 8CF8021B2BD0B96000EC8586 /* Double.swift */; };
		8CF8021E2BD0C03B00EC8586 /* CGTabView.swift in Sources */ = {isa = PBXBuildFile; fileRef = 8CF8021D2BD0C03B00EC8586 /* CGTabView.swift */; };
		8CF802222BD0CB2700EC8586 /* CGTimeframe.swift in Sources */ = {isa = PBXBuildFile; fileRef = 8CF802212BD0CB2700EC8586 /* CGTimeframe.swift */; };
		8CF802272BD0DF1F00EC8586 /* CategoryListView.swift in Sources */ = {isa = PBXBuildFile; fileRef = 8CF802262BD0DF1F00EC8586 /* CategoryListView.swift */; };
		8CF802292BD0DF2800EC8586 /* ExchangesListView.swift in Sources */ = {isa = PBXBuildFile; fileRef = 8CF802282BD0DF2800EC8586 /* ExchangesListView.swift */; };
		8CF8022B2BD0DFCB00EC8586 /* TrendingListView.swift in Sources */ = {isa = PBXBuildFile; fileRef = 8CF8022A2BD0DFCB00EC8586 /* TrendingListView.swift */; };
		8CF8022D2BD0E32000EC8586 /* LaunchScreen.storyboard in Resources */ = {isa = PBXBuildFile; fileRef = 8CF8022C2BD0E32000EC8586 /* LaunchScreen.storyboard */; };
		8CF802342BD0E85E00EC8586 /* CategoryView.swift in Sources */ = {isa = PBXBuildFile; fileRef = 8CF802332BD0E85E00EC8586 /* CategoryView.swift */; };
		8CF802392BD0E8DA00EC8586 /* AboutView.swift in Sources */ = {isa = PBXBuildFile; fileRef = 8CF802382BD0E8DA00EC8586 /* AboutView.swift */; };
		8CF8023B2BD1B60300EC8586 /* CGCateogry.swift in Sources */ = {isa = PBXBuildFile; fileRef = 8CF8023A2BD1B60300EC8586 /* CGCateogry.swift */; };
		8CF8023D2BD1BBDB00EC8586 /* CategoryList+ViewModel.swift in Sources */ = {isa = PBXBuildFile; fileRef = 8CF8023C2BD1BBDB00EC8586 /* CategoryList+ViewModel.swift */; };
/* End PBXBuildFile section */

/* Begin PBXContainerItemProxy section */
		8CF801E32BCB822900EC8586 /* PBXContainerItemProxy */ = {
			isa = PBXContainerItemProxy;
			containerPortal = 8CF801CA2BCB822700EC8586 /* Project object */;
			proxyType = 1;
			remoteGlobalIDString = 8CF801D12BCB822700EC8586;
			remoteInfo = CoinGecko;
		};
		8CF801ED2BCB822900EC8586 /* PBXContainerItemProxy */ = {
			isa = PBXContainerItemProxy;
			containerPortal = 8CF801CA2BCB822700EC8586 /* Project object */;
			proxyType = 1;
			remoteGlobalIDString = 8CF801D12BCB822700EC8586;
			remoteInfo = CoinGecko;
		};
/* End PBXContainerItemProxy section */

/* Begin PBXFileReference section */
		8CF801D22BCB822700EC8586 /* CoinGecko.app */ = {isa = PBXFileReference; explicitFileType = wrapper.application; includeInIndex = 0; path = CoinGecko.app; sourceTree = BUILT_PRODUCTS_DIR; };
		8CF801D52BCB822700EC8586 /* CoinGeckoApp.swift */ = {isa = PBXFileReference; lastKnownFileType = sourcecode.swift; path = CoinGeckoApp.swift; sourceTree = "<group>"; };
		8CF801D72BCB822700EC8586 /* CoinListView.swift */ = {isa = PBXFileReference; lastKnownFileType = sourcecode.swift; path = CoinListView.swift; sourceTree = "<group>"; };
		8CF801D92BCB822900EC8586 /* Assets.xcassets */ = {isa = PBXFileReference; lastKnownFileType = folder.assetcatalog; path = Assets.xcassets; sourceTree = "<group>"; };
		8CF801DC2BCB822900EC8586 /* Preview Assets.xcassets */ = {isa = PBXFileReference; lastKnownFileType = folder.assetcatalog; path = "Preview Assets.xcassets"; sourceTree = "<group>"; };
		8CF801E22BCB822900EC8586 /* CoinGeckoTests.xctest */ = {isa = PBXFileReference; explicitFileType = wrapper.cfbundle; includeInIndex = 0; path = CoinGeckoTests.xctest; sourceTree = BUILT_PRODUCTS_DIR; };
		8CF801E62BCB822900EC8586 /* CoinGeckoTests.swift */ = {isa = PBXFileReference; lastKnownFileType = sourcecode.swift; path = CoinGeckoTests.swift; sourceTree = "<group>"; };
		8CF801EC2BCB822900EC8586 /* CoinGeckoUITests.xctest */ = {isa = PBXFileReference; explicitFileType = wrapper.cfbundle; includeInIndex = 0; path = CoinGeckoUITests.xctest; sourceTree = BUILT_PRODUCTS_DIR; };
		8CF801F02BCB822900EC8586 /* CoinGeckoUITests.swift */ = {isa = PBXFileReference; lastKnownFileType = sourcecode.swift; path = CoinGeckoUITests.swift; sourceTree = "<group>"; };
		8CF801F22BCB822900EC8586 /* CoinGeckoUITestsLaunchTests.swift */ = {isa = PBXFileReference; lastKnownFileType = sourcecode.swift; path = CoinGeckoUITestsLaunchTests.swift; sourceTree = "<group>"; };
		8CF801FF2BCB823100EC8586 /* Configuration.swift */ = {isa = PBXFileReference; lastKnownFileType = sourcecode.swift; path = Configuration.swift; sourceTree = "<group>"; };
		8CF802012BCB827700EC8586 /* APIService.swift */ = {isa = PBXFileReference; lastKnownFileType = sourcecode.swift; path = APIService.swift; sourceTree = "<group>"; };
		8CF802032BCB84D400EC8586 /* CGCoin.swift */ = {isa = PBXFileReference; lastKnownFileType = sourcecode.swift; path = CGCoin.swift; sourceTree = "<group>"; };
		8CF8020A2BCB856600EC8586 /* CoinView.swift */ = {isa = PBXFileReference; lastKnownFileType = sourcecode.swift; path = CoinView.swift; sourceTree = "<group>"; };
		8CF8020C2BCB859F00EC8586 /* CG+Mock.swift */ = {isa = PBXFileReference; lastKnownFileType = sourcecode.swift; path = "CG+Mock.swift"; sourceTree = "<group>"; };
		8CF8020E2BCC043700EC8586 /* CoinList+ViewModel.swift */ = {isa = PBXFileReference; lastKnownFileType = sourcecode.swift; path = "CoinList+ViewModel.swift"; sourceTree = "<group>"; };
		8CF802102BCC0FA800EC8586 /* CGError.swift */ = {isa = PBXFileReference; lastKnownFileType = sourcecode.swift; path = CGError.swift; sourceTree = "<group>"; };
		8CF802122BCCAA3D00EC8586 /* CGSort.swift */ = {isa = PBXFileReference; lastKnownFileType = sourcecode.swift; path = CGSort.swift; sourceTree = "<group>"; };
		8CF802162BD0B05200EC8586 /* CoinDetailView.swift */ = {isa = PBXFileReference; lastKnownFileType = sourcecode.swift; path = CoinDetailView.swift; sourceTree = "<group>"; };
		8CF802182BD0B83000EC8586 /* LogoView.swift */ = {isa = PBXFileReference; lastKnownFileType = sourcecode.swift; path = LogoView.swift; sourceTree = "<group>"; };
		8CF8021B2BD0B96000EC8586 /* Double.swift */ = {isa = PBXFileReference; lastKnownFileType = sourcecode.swift; path = Double.swift; sourceTree = "<group>"; };
		8CF8021D2BD0C03B00EC8586 /* CGTabView.swift */ = {isa = PBXFileReference; lastKnownFileType = sourcecode.swift; path = CGTabView.swift; sourceTree = "<group>"; };
		8CF802212BD0CB2700EC8586 /* CGTimeframe.swift */ = {isa = PBXFileReference; lastKnownFileType = sourcecode.swift; path = CGTimeframe.swift; sourceTree = "<group>"; };
		8CF802262BD0DF1F00EC8586 /* CategoryListView.swift */ = {isa = PBXFileReference; lastKnownFileType = sourcecode.swift; path = CategoryListView.swift; sourceTree = "<group>"; };
		8CF802282BD0DF2800EC8586 /* ExchangesListView.swift */ = {isa = PBXFileReference; lastKnownFileType = sourcecode.swift; path = ExchangesListView.swift; sourceTree = "<group>"; };
		8CF8022A2BD0DFCB00EC8586 /* TrendingListView.swift */ = {isa = PBXFileReference; lastKnownFileType = sourcecode.swift; path = TrendingListView.swift; sourceTree = "<group>"; };
		8CF8022C2BD0E32000EC8586 /* LaunchScreen.storyboard */ = {isa = PBXFileReference; lastKnownFileType = file.storyboard; path = LaunchScreen.storyboard; sourceTree = "<group>"; };
		8CF802332BD0E85E00EC8586 /* CategoryView.swift */ = {isa = PBXFileReference; lastKnownFileType = sourcecode.swift; path = CategoryView.swift; sourceTree = "<group>"; };
		8CF802382BD0E8DA00EC8586 /* AboutView.swift */ = {isa = PBXFileReference; lastKnownFileType = sourcecode.swift; path = AboutView.swift; sourceTree = "<group>"; };
		8CF8023A2BD1B60300EC8586 /* CGCateogry.swift */ = {isa = PBXFileReference; lastKnownFileType = sourcecode.swift; path = CGCateogry.swift; sourceTree = "<group>"; };
		8CF8023C2BD1BBDB00EC8586 /* CategoryList+ViewModel.swift */ = {isa = PBXFileReference; lastKnownFileType = sourcecode.swift; path = "CategoryList+ViewModel.swift"; sourceTree = "<group>"; };
/* End PBXFileReference section */

/* Begin PBXFrameworksBuildPhase section */
		8CF801CF2BCB822700EC8586 /* Frameworks */ = {
			isa = PBXFrameworksBuildPhase;
			buildActionMask = 2147483647;
			files = (
			);
			runOnlyForDeploymentPostprocessing = 0;
		};
		8CF801DF2BCB822900EC8586 /* Frameworks */ = {
			isa = PBXFrameworksBuildPhase;
			buildActionMask = 2147483647;
			files = (
			);
			runOnlyForDeploymentPostprocessing = 0;
		};
		8CF801E92BCB822900EC8586 /* Frameworks */ = {
			isa = PBXFrameworksBuildPhase;
			buildActionMask = 2147483647;
			files = (
			);
			runOnlyForDeploymentPostprocessing = 0;
		};
/* End PBXFrameworksBuildPhase section */

/* Begin PBXGroup section */
		8CF801C92BCB822700EC8586 = {
			isa = PBXGroup;
			children = (
				8CF801D42BCB822700EC8586 /* CoinGecko */,
				8CF801E52BCB822900EC8586 /* CoinGeckoTests */,
				8CF801EF2BCB822900EC8586 /* CoinGeckoUITests */,
				8CF801D32BCB822700EC8586 /* Products */,
			);
			sourceTree = "<group>";
		};
		8CF801D32BCB822700EC8586 /* Products */ = {
			isa = PBXGroup;
			children = (
				8CF801D22BCB822700EC8586 /* CoinGecko.app */,
				8CF801E22BCB822900EC8586 /* CoinGeckoTests.xctest */,
				8CF801EC2BCB822900EC8586 /* CoinGeckoUITests.xctest */,
			);
			name = Products;
			sourceTree = "<group>";
		};
		8CF801D42BCB822700EC8586 /* CoinGecko */ = {
			isa = PBXGroup;
			children = (
				8CF801D52BCB822700EC8586 /* CoinGeckoApp.swift */,
				8CF8022C2BD0E32000EC8586 /* LaunchScreen.storyboard */,
				8CF8021A2BD0B94D00EC8586 /* Extensions */,
				8CF802092BCB852A00EC8586 /* Assets */,
				8CF802082BCB851800EC8586 /* ViewModels */,
				8CF802072BCB850800EC8586 /* Networking */,
				8CF802062BCB84F500EC8586 /* Views */,
				8CF802052BCB84F100EC8586 /* Models */,
				8CF801DB2BCB822900EC8586 /* Preview Content */,
			);
			path = CoinGecko;
			sourceTree = "<group>";
		};
		8CF801DB2BCB822900EC8586 /* Preview Content */ = {
			isa = PBXGroup;
			children = (
				8CF801DC2BCB822900EC8586 /* Preview Assets.xcassets */,
			);
			path = "Preview Content";
			sourceTree = "<group>";
		};
		8CF801E52BCB822900EC8586 /* CoinGeckoTests */ = {
			isa = PBXGroup;
			children = (
				8CF801E62BCB822900EC8586 /* CoinGeckoTests.swift */,
			);
			path = CoinGeckoTests;
			sourceTree = "<group>";
		};
		8CF801EF2BCB822900EC8586 /* CoinGeckoUITests */ = {
			isa = PBXGroup;
			children = (
				8CF801F02BCB822900EC8586 /* CoinGeckoUITests.swift */,
				8CF801F22BCB822900EC8586 /* CoinGeckoUITestsLaunchTests.swift */,
			);
			path = CoinGeckoUITests;
			sourceTree = "<group>";
		};
		8CF802052BCB84F100EC8586 /* Models */ = {
			isa = PBXGroup;
			children = (
				8CF802032BCB84D400EC8586 /* CGCoin.swift */,
				8CF8023A2BD1B60300EC8586 /* CGCateogry.swift */,
				8CF8020C2BCB859F00EC8586 /* CG+Mock.swift */,
			);
			path = Models;
			sourceTree = "<group>";
		};
		8CF802062BCB84F500EC8586 /* Views */ = {
			isa = PBXGroup;
			children = (
				8CF802352BD0E8B500EC8586 /* About */,
				8CF802322BD0E7FB00EC8586 /* Exchanges */,
				8CF802312BD0E7E500EC8586 /* Categories */,
				8CF802302BD0E7D700EC8586 /* Trending */,
				8CF8022F2BD0E7C700EC8586 /* TabView */,
				8CF8022E2BD0E7AB00EC8586 /* Coin */,
				8CF802232BD0DD6300EC8586 /* Components */,
			);
			path = Views;
			sourceTree = "<group>";
		};
		8CF802072BCB850800EC8586 /* Networking */ = {
			isa = PBXGroup;
			children = (
				8CF802012BCB827700EC8586 /* APIService.swift */,
				8CF802122BCCAA3D00EC8586 /* CGSort.swift */,
				8CF802102BCC0FA800EC8586 /* CGError.swift */,
				8CF802212BD0CB2700EC8586 /* CGTimeframe.swift */,
				8CF801FF2BCB823100EC8586 /* Configuration.swift */,
			);
			path = Networking;
			sourceTree = "<group>";
		};
		8CF802082BCB851800EC8586 /* ViewModels */ = {
			isa = PBXGroup;
			children = (
				8CF8020E2BCC043700EC8586 /* CoinList+ViewModel.swift */,
				8CF8023C2BD1BBDB00EC8586 /* CategoryList+ViewModel.swift */,
			);
			path = ViewModels;
			sourceTree = "<group>";
		};
		8CF802092BCB852A00EC8586 /* Assets */ = {
			isa = PBXGroup;
			children = (
				8CF801D92BCB822900EC8586 /* Assets.xcassets */,
			);
			path = Assets;
			sourceTree = "<group>";
		};
		8CF8021A2BD0B94D00EC8586 /* Extensions */ = {
			isa = PBXGroup;
			children = (
				8CF8021B2BD0B96000EC8586 /* Double.swift */,
			);
			path = Extensions;
			sourceTree = "<group>";
		};
		8CF802232BD0DD6300EC8586 /* Components */ = {
			isa = PBXGroup;
			children = (
				8CF802182BD0B83000EC8586 /* LogoView.swift */,
			);
			path = Components;
			sourceTree = "<group>";
		};
		8CF8022E2BD0E7AB00EC8586 /* Coin */ = {
			isa = PBXGroup;
			children = (
				8CF8020A2BCB856600EC8586 /* CoinView.swift */,
				8CF802162BD0B05200EC8586 /* CoinDetailView.swift */,
				8CF801D72BCB822700EC8586 /* CoinListView.swift */,
			);
			path = Coin;
			sourceTree = "<group>";
		};
		8CF8022F2BD0E7C700EC8586 /* TabView */ = {
			isa = PBXGroup;
			children = (
				8CF8021D2BD0C03B00EC8586 /* CGTabView.swift */,
			);
			path = TabView;
			sourceTree = "<group>";
		};
		8CF802302BD0E7D700EC8586 /* Trending */ = {
			isa = PBXGroup;
			children = (
				8CF8022A2BD0DFCB00EC8586 /* TrendingListView.swift */,
			);
			path = Trending;
			sourceTree = "<group>";
		};
		8CF802312BD0E7E500EC8586 /* Categories */ = {
			isa = PBXGroup;
			children = (
				8CF802262BD0DF1F00EC8586 /* CategoryListView.swift */,
				8CF802332BD0E85E00EC8586 /* CategoryView.swift */,
			);
			path = Categories;
			sourceTree = "<group>";
		};
		8CF802322BD0E7FB00EC8586 /* Exchanges */ = {
			isa = PBXGroup;
			children = (
				8CF802282BD0DF2800EC8586 /* ExchangesListView.swift */,
			);
			path = Exchanges;
			sourceTree = "<group>";
		};
		8CF802352BD0E8B500EC8586 /* About */ = {
			isa = PBXGroup;
			children = (
				8CF802382BD0E8DA00EC8586 /* AboutView.swift */,
			);
			path = About;
			sourceTree = "<group>";
		};
/* End PBXGroup section */

/* Begin PBXNativeTarget section */
		8CF801D12BCB822700EC8586 /* CoinGecko */ = {
			isa = PBXNativeTarget;
			buildConfigurationList = 8CF801F62BCB822900EC8586 /* Build configuration list for PBXNativeTarget "CoinGecko" */;
			buildPhases = (
				8CF801CE2BCB822700EC8586 /* Sources */,
				8CF801CF2BCB822700EC8586 /* Frameworks */,
				8CF801D02BCB822700EC8586 /* Resources */,
			);
			buildRules = (
			);
			dependencies = (
			);
			name = CoinGecko;
			productName = CoinGecko;
			productReference = 8CF801D22BCB822700EC8586 /* CoinGecko.app */;
			productType = "com.apple.product-type.application";
		};
		8CF801E12BCB822900EC8586 /* CoinGeckoTests */ = {
			isa = PBXNativeTarget;
			buildConfigurationList = 8CF801F92BCB822900EC8586 /* Build configuration list for PBXNativeTarget "CoinGeckoTests" */;
			buildPhases = (
				8CF801DE2BCB822900EC8586 /* Sources */,
				8CF801DF2BCB822900EC8586 /* Frameworks */,
				8CF801E02BCB822900EC8586 /* Resources */,
			);
			buildRules = (
			);
			dependencies = (
				8CF801E42BCB822900EC8586 /* PBXTargetDependency */,
			);
			name = CoinGeckoTests;
			productName = CoinGeckoTests;
			productReference = 8CF801E22BCB822900EC8586 /* CoinGeckoTests.xctest */;
			productType = "com.apple.product-type.bundle.unit-test";
		};
		8CF801EB2BCB822900EC8586 /* CoinGeckoUITests */ = {
			isa = PBXNativeTarget;
			buildConfigurationList = 8CF801FC2BCB822900EC8586 /* Build configuration list for PBXNativeTarget "CoinGeckoUITests" */;
			buildPhases = (
				8CF801E82BCB822900EC8586 /* Sources */,
				8CF801E92BCB822900EC8586 /* Frameworks */,
				8CF801EA2BCB822900EC8586 /* Resources */,
			);
			buildRules = (
			);
			dependencies = (
				8CF801EE2BCB822900EC8586 /* PBXTargetDependency */,
			);
			name = CoinGeckoUITests;
			productName = CoinGeckoUITests;
			productReference = 8CF801EC2BCB822900EC8586 /* CoinGeckoUITests.xctest */;
			productType = "com.apple.product-type.bundle.ui-testing";
		};
/* End PBXNativeTarget section */

/* Begin PBXProject section */
		8CF801CA2BCB822700EC8586 /* Project object */ = {
			isa = PBXProject;
			attributes = {
				BuildIndependentTargetsInParallel = 1;
				LastSwiftUpdateCheck = 1520;
				LastUpgradeCheck = 1520;
				TargetAttributes = {
					8CF801D12BCB822700EC8586 = {
						CreatedOnToolsVersion = 15.2;
					};
					8CF801E12BCB822900EC8586 = {
						CreatedOnToolsVersion = 15.2;
						TestTargetID = 8CF801D12BCB822700EC8586;
					};
					8CF801EB2BCB822900EC8586 = {
						CreatedOnToolsVersion = 15.2;
						TestTargetID = 8CF801D12BCB822700EC8586;
					};
				};
			};
			buildConfigurationList = 8CF801CD2BCB822700EC8586 /* Build configuration list for PBXProject "CoinGecko" */;
			compatibilityVersion = "Xcode 14.0";
			developmentRegion = en;
			hasScannedForEncodings = 0;
			knownRegions = (
				en,
				Base,
			);
			mainGroup = 8CF801C92BCB822700EC8586;
			productRefGroup = 8CF801D32BCB822700EC8586 /* Products */;
			projectDirPath = "";
			projectRoot = "";
			targets = (
				8CF801D12BCB822700EC8586 /* CoinGecko */,
				8CF801E12BCB822900EC8586 /* CoinGeckoTests */,
				8CF801EB2BCB822900EC8586 /* CoinGeckoUITests */,
			);
		};
/* End PBXProject section */

/* Begin PBXResourcesBuildPhase section */
		8CF801D02BCB822700EC8586 /* Resources */ = {
			isa = PBXResourcesBuildPhase;
			buildActionMask = 2147483647;
			files = (
				8CF8022D2BD0E32000EC8586 /* LaunchScreen.storyboard in Resources */,
				8CF801DD2BCB822900EC8586 /* Preview Assets.xcassets in Resources */,
				8CF801DA2BCB822900EC8586 /* Assets.xcassets in Resources */,
			);
			runOnlyForDeploymentPostprocessing = 0;
		};
		8CF801E02BCB822900EC8586 /* Resources */ = {
			isa = PBXResourcesBuildPhase;
			buildActionMask = 2147483647;
			files = (
			);
			runOnlyForDeploymentPostprocessing = 0;
		};
		8CF801EA2BCB822900EC8586 /* Resources */ = {
			isa = PBXResourcesBuildPhase;
			buildActionMask = 2147483647;
			files = (
			);
			runOnlyForDeploymentPostprocessing = 0;
		};
/* End PBXResourcesBuildPhase section */

/* Begin PBXSourcesBuildPhase section */
		8CF801CE2BCB822700EC8586 /* Sources */ = {
			isa = PBXSourcesBuildPhase;
			buildActionMask = 2147483647;
			files = (
				8CF802272BD0DF1F00EC8586 /* CategoryListView.swift in Sources */,
				8CF802292BD0DF2800EC8586 /* ExchangesListView.swift in Sources */,
				8CF802222BD0CB2700EC8586 /* CGTimeframe.swift in Sources */,
				8CF8022B2BD0DFCB00EC8586 /* TrendingListView.swift in Sources */,
				8CF802392BD0E8DA00EC8586 /* AboutView.swift in Sources */,
				8CF8020D2BCB859F00EC8586 /* CG+Mock.swift in Sources */,
				8CF802342BD0E85E00EC8586 /* CategoryView.swift in Sources */,
				8CF802192BD0B83000EC8586 /* LogoView.swift in Sources */,
				8CF8020B2BCB856600EC8586 /* CoinView.swift in Sources */,
				8CF802172BD0B05200EC8586 /* CoinDetailView.swift in Sources */,
				8CF8021E2BD0C03B00EC8586 /* CGTabView.swift in Sources */,
				8CF8023B2BD1B60300EC8586 /* CGCateogry.swift in Sources */,
				8CF8021C2BD0B96000EC8586 /* Double.swift in Sources */,
				8CF801D82BCB822700EC8586 /* CoinListView.swift in Sources */,
				8CF802132BCCAA3D00EC8586 /* CGSort.swift in Sources */,
				8CF801D62BCB822700EC8586 /* CoinGeckoApp.swift in Sources */,
				8CF802042BCB84D400EC8586 /* CGCoin.swift in Sources */,
				8CF802022BCB827700EC8586 /* APIService.swift in Sources */,
				8CF8023D2BD1BBDB00EC8586 /* CategoryList+ViewModel.swift in Sources */,
				8CF802002BCB823100EC8586 /* Configuration.swift in Sources */,
				8CF802112BCC0FA800EC8586 /* CGError.swift in Sources */,
				8CF8020F2BCC043700EC8586 /* CoinList+ViewModel.swift in Sources */,
			);
			runOnlyForDeploymentPostprocessing = 0;
		};
		8CF801DE2BCB822900EC8586 /* Sources */ = {
			isa = PBXSourcesBuildPhase;
			buildActionMask = 2147483647;
			files = (
				8CF801E72BCB822900EC8586 /* CoinGeckoTests.swift in Sources */,
			);
			runOnlyForDeploymentPostprocessing = 0;
		};
		8CF801E82BCB822900EC8586 /* Sources */ = {
			isa = PBXSourcesBuildPhase;
			buildActionMask = 2147483647;
			files = (
				8CF801F12BCB822900EC8586 /* CoinGeckoUITests.swift in Sources */,
				8CF801F32BCB822900EC8586 /* CoinGeckoUITestsLaunchTests.swift in Sources */,
			);
			runOnlyForDeploymentPostprocessing = 0;
		};
/* End PBXSourcesBuildPhase section */

/* Begin PBXTargetDependency section */
		8CF801E42BCB822900EC8586 /* PBXTargetDependency */ = {
			isa = PBXTargetDependency;
			target = 8CF801D12BCB822700EC8586 /* CoinGecko */;
			targetProxy = 8CF801E32BCB822900EC8586 /* PBXContainerItemProxy */;
		};
		8CF801EE2BCB822900EC8586 /* PBXTargetDependency */ = {
			isa = PBXTargetDependency;
			target = 8CF801D12BCB822700EC8586 /* CoinGecko */;
			targetProxy = 8CF801ED2BCB822900EC8586 /* PBXContainerItemProxy */;
		};
/* End PBXTargetDependency section */

/* Begin XCBuildConfiguration section */
		8CF801F42BCB822900EC8586 /* Debug */ = {
			isa = XCBuildConfiguration;
			buildSettings = {
				ALWAYS_SEARCH_USER_PATHS = NO;
				ASSETCATALOG_COMPILER_GENERATE_SWIFT_ASSET_SYMBOL_EXTENSIONS = YES;
				CLANG_ANALYZER_NONNULL = YES;
				CLANG_ANALYZER_NUMBER_OBJECT_CONVERSION = YES_AGGRESSIVE;
				CLANG_CXX_LANGUAGE_STANDARD = "gnu++20";
				CLANG_ENABLE_MODULES = YES;
				CLANG_ENABLE_OBJC_ARC = YES;
				CLANG_ENABLE_OBJC_WEAK = YES;
				CLANG_WARN_BLOCK_CAPTURE_AUTORELEASING = YES;
				CLANG_WARN_BOOL_CONVERSION = YES;
				CLANG_WARN_COMMA = YES;
				CLANG_WARN_CONSTANT_CONVERSION = YES;
				CLANG_WARN_DEPRECATED_OBJC_IMPLEMENTATIONS = YES;
				CLANG_WARN_DIRECT_OBJC_ISA_USAGE = YES_ERROR;
				CLANG_WARN_DOCUMENTATION_COMMENTS = YES;
				CLANG_WARN_EMPTY_BODY = YES;
				CLANG_WARN_ENUM_CONVERSION = YES;
				CLANG_WARN_INFINITE_RECURSION = YES;
				CLANG_WARN_INT_CONVERSION = YES;
				CLANG_WARN_NON_LITERAL_NULL_CONVERSION = YES;
				CLANG_WARN_OBJC_IMPLICIT_RETAIN_SELF = YES;
				CLANG_WARN_OBJC_LITERAL_CONVERSION = YES;
				CLANG_WARN_OBJC_ROOT_CLASS = YES_ERROR;
				CLANG_WARN_QUOTED_INCLUDE_IN_FRAMEWORK_HEADER = YES;
				CLANG_WARN_RANGE_LOOP_ANALYSIS = YES;
				CLANG_WARN_STRICT_PROTOTYPES = YES;
				CLANG_WARN_SUSPICIOUS_MOVE = YES;
				CLANG_WARN_UNGUARDED_AVAILABILITY = YES_AGGRESSIVE;
				CLANG_WARN_UNREACHABLE_CODE = YES;
				CLANG_WARN__DUPLICATE_METHOD_MATCH = YES;
				COPY_PHASE_STRIP = NO;
				DEBUG_INFORMATION_FORMAT = dwarf;
				ENABLE_STRICT_OBJC_MSGSEND = YES;
				ENABLE_TESTABILITY = YES;
				ENABLE_USER_SCRIPT_SANDBOXING = YES;
				GCC_C_LANGUAGE_STANDARD = gnu17;
				GCC_DYNAMIC_NO_PIC = NO;
				GCC_NO_COMMON_BLOCKS = YES;
				GCC_OPTIMIZATION_LEVEL = 0;
				GCC_PREPROCESSOR_DEFINITIONS = (
					"DEBUG=1",
					"$(inherited)",
				);
				GCC_WARN_64_TO_32_BIT_CONVERSION = YES;
				GCC_WARN_ABOUT_RETURN_TYPE = YES_ERROR;
				GCC_WARN_UNDECLARED_SELECTOR = YES;
				GCC_WARN_UNINITIALIZED_AUTOS = YES_AGGRESSIVE;
				GCC_WARN_UNUSED_FUNCTION = YES;
				GCC_WARN_UNUSED_VARIABLE = YES;
				IPHONEOS_DEPLOYMENT_TARGET = 17.2;
				LOCALIZATION_PREFERS_STRING_CATALOGS = YES;
				MTL_ENABLE_DEBUG_INFO = INCLUDE_SOURCE;
				MTL_FAST_MATH = YES;
				ONLY_ACTIVE_ARCH = YES;
				SDKROOT = iphoneos;
				SWIFT_ACTIVE_COMPILATION_CONDITIONS = "DEBUG $(inherited)";
				SWIFT_OPTIMIZATION_LEVEL = "-Onone";
			};
			name = Debug;
		};
		8CF801F52BCB822900EC8586 /* Release */ = {
			isa = XCBuildConfiguration;
			buildSettings = {
				ALWAYS_SEARCH_USER_PATHS = NO;
				ASSETCATALOG_COMPILER_GENERATE_SWIFT_ASSET_SYMBOL_EXTENSIONS = YES;
				CLANG_ANALYZER_NONNULL = YES;
				CLANG_ANALYZER_NUMBER_OBJECT_CONVERSION = YES_AGGRESSIVE;
				CLANG_CXX_LANGUAGE_STANDARD = "gnu++20";
				CLANG_ENABLE_MODULES = YES;
				CLANG_ENABLE_OBJC_ARC = YES;
				CLANG_ENABLE_OBJC_WEAK = YES;
				CLANG_WARN_BLOCK_CAPTURE_AUTORELEASING = YES;
				CLANG_WARN_BOOL_CONVERSION = YES;
				CLANG_WARN_COMMA = YES;
				CLANG_WARN_CONSTANT_CONVERSION = YES;
				CLANG_WARN_DEPRECATED_OBJC_IMPLEMENTATIONS = YES;
				CLANG_WARN_DIRECT_OBJC_ISA_USAGE = YES_ERROR;
				CLANG_WARN_DOCUMENTATION_COMMENTS = YES;
				CLANG_WARN_EMPTY_BODY = YES;
				CLANG_WARN_ENUM_CONVERSION = YES;
				CLANG_WARN_INFINITE_RECURSION = YES;
				CLANG_WARN_INT_CONVERSION = YES;
				CLANG_WARN_NON_LITERAL_NULL_CONVERSION = YES;
				CLANG_WARN_OBJC_IMPLICIT_RETAIN_SELF = YES;
				CLANG_WARN_OBJC_LITERAL_CONVERSION = YES;
				CLANG_WARN_OBJC_ROOT_CLASS = YES_ERROR;
				CLANG_WARN_QUOTED_INCLUDE_IN_FRAMEWORK_HEADER = YES;
				CLANG_WARN_RANGE_LOOP_ANALYSIS = YES;
				CLANG_WARN_STRICT_PROTOTYPES = YES;
				CLANG_WARN_SUSPICIOUS_MOVE = YES;
				CLANG_WARN_UNGUARDED_AVAILABILITY = YES_AGGRESSIVE;
				CLANG_WARN_UNREACHABLE_CODE = YES;
				CLANG_WARN__DUPLICATE_METHOD_MATCH = YES;
				COPY_PHASE_STRIP = NO;
				DEBUG_INFORMATION_FORMAT = "dwarf-with-dsym";
				ENABLE_NS_ASSERTIONS = NO;
				ENABLE_STRICT_OBJC_MSGSEND = YES;
				ENABLE_USER_SCRIPT_SANDBOXING = YES;
				GCC_C_LANGUAGE_STANDARD = gnu17;
				GCC_NO_COMMON_BLOCKS = YES;
				GCC_WARN_64_TO_32_BIT_CONVERSION = YES;
				GCC_WARN_ABOUT_RETURN_TYPE = YES_ERROR;
				GCC_WARN_UNDECLARED_SELECTOR = YES;
				GCC_WARN_UNINITIALIZED_AUTOS = YES_AGGRESSIVE;
				GCC_WARN_UNUSED_FUNCTION = YES;
				GCC_WARN_UNUSED_VARIABLE = YES;
				IPHONEOS_DEPLOYMENT_TARGET = 17.2;
				LOCALIZATION_PREFERS_STRING_CATALOGS = YES;
				MTL_ENABLE_DEBUG_INFO = NO;
				MTL_FAST_MATH = YES;
				SDKROOT = iphoneos;
				SWIFT_COMPILATION_MODE = wholemodule;
				VALIDATE_PRODUCT = YES;
			};
			name = Release;
		};
		8CF801F72BCB822900EC8586 /* Debug */ = {
			isa = XCBuildConfiguration;
			buildSettings = {
				ASSETCATALOG_COMPILER_APPICON_NAME = AppIcon;
				ASSETCATALOG_COMPILER_GLOBAL_ACCENT_COLOR_NAME = AccentColor;
				CODE_SIGN_STYLE = Automatic;
				CURRENT_PROJECT_VERSION = 1;
				DEVELOPMENT_ASSET_PATHS = "\"CoinGecko/Preview Content\"";
				DEVELOPMENT_TEAM = D949FXATB8;
				ENABLE_PREVIEWS = YES;
				GENERATE_INFOPLIST_FILE = YES;
				INFOPLIST_KEY_CFBundleDisplayName = CoinGeckoAPI;
				INFOPLIST_KEY_LSApplicationCategoryType = "public.app-category.finance";
				INFOPLIST_KEY_UIApplicationSceneManifest_Generation = YES;
				INFOPLIST_KEY_UIApplicationSupportsIndirectInputEvents = YES;
				INFOPLIST_KEY_UILaunchScreen_Generation = YES;
				INFOPLIST_KEY_UILaunchStoryboardName = LaunchScreen.storyboard;
				INFOPLIST_KEY_UIStatusBarHidden = YES;
				INFOPLIST_KEY_UIStatusBarStyle = "";
				INFOPLIST_KEY_UISupportedInterfaceOrientations = UIInterfaceOrientationPortrait;
				INFOPLIST_KEY_UISupportedInterfaceOrientations_iPad = "UIInterfaceOrientationLandscapeLeft UIInterfaceOrientationLandscapeRight UIInterfaceOrientationPortrait UIInterfaceOrientationPortraitUpsideDown";
				IPHONEOS_DEPLOYMENT_TARGET = 17.0;
				LD_RUNPATH_SEARCH_PATHS = (
					"$(inherited)",
					"@executable_path/Frameworks",
				);
				MARKETING_VERSION = 1.0;
				PRODUCT_BUNDLE_IDENTIFIER = nouman.CoinGecko;
				PRODUCT_NAME = "$(TARGET_NAME)";
				SUPPORTED_PLATFORMS = "iphoneos iphonesimulator";
				SUPPORTS_MACCATALYST = NO;
				SUPPORTS_MAC_DESIGNED_FOR_IPHONE_IPAD = NO;
				SUPPORTS_XR_DESIGNED_FOR_IPHONE_IPAD = NO;
				SWIFT_EMIT_LOC_STRINGS = YES;
				SWIFT_VERSION = 5.0;
				TARGETED_DEVICE_FAMILY = 1;
			};
			name = Debug;
		};
		8CF801F82BCB822900EC8586 /* Release */ = {
			isa = XCBuildConfiguration;
			buildSettings = {
				ASSETCATALOG_COMPILER_APPICON_NAME = AppIcon;
				ASSETCATALOG_COMPILER_GLOBAL_ACCENT_COLOR_NAME = AccentColor;
				CODE_SIGN_STYLE = Automatic;
				CURRENT_PROJECT_VERSION = 1;
				DEVELOPMENT_ASSET_PATHS = "\"CoinGecko/Preview Content\"";
				DEVELOPMENT_TEAM = D949FXATB8;
				ENABLE_PREVIEWS = YES;
				GENERATE_INFOPLIST_FILE = YES;
				INFOPLIST_KEY_CFBundleDisplayName = CoinGeckoAPI;
				INFOPLIST_KEY_LSApplicationCategoryType = "public.app-category.finance";
				INFOPLIST_KEY_UIApplicationSceneManifest_Generation = YES;
				INFOPLIST_KEY_UIApplicationSupportsIndirectInputEvents = YES;
				INFOPLIST_KEY_UILaunchScreen_Generation = YES;
				INFOPLIST_KEY_UILaunchStoryboardName = LaunchScreen.storyboard;
				INFOPLIST_KEY_UIStatusBarHidden = YES;
				INFOPLIST_KEY_UIStatusBarStyle = "";
				INFOPLIST_KEY_UISupportedInterfaceOrientations = UIInterfaceOrientationPortrait;
				INFOPLIST_KEY_UISupportedInterfaceOrientations_iPad = "UIInterfaceOrientationLandscapeLeft UIInterfaceOrientationLandscapeRight UIInterfaceOrientationPortrait UIInterfaceOrientationPortraitUpsideDown";
				IPHONEOS_DEPLOYMENT_TARGET = 17.0;
				LD_RUNPATH_SEARCH_PATHS = (
					"$(inherited)",
					"@executable_path/Frameworks",
				);
				MARKETING_VERSION = 1.0;
				PRODUCT_BUNDLE_IDENTIFIER = nouman.CoinGecko;
				PRODUCT_NAME = "$(TARGET_NAME)";
				SUPPORTED_PLATFORMS = "iphoneos iphonesimulator";
				SUPPORTS_MACCATALYST = NO;
				SUPPORTS_MAC_DESIGNED_FOR_IPHONE_IPAD = NO;
				SUPPORTS_XR_DESIGNED_FOR_IPHONE_IPAD = NO;
				SWIFT_EMIT_LOC_STRINGS = YES;
				SWIFT_VERSION = 5.0;
				TARGETED_DEVICE_FAMILY = 1;
			};
			name = Release;
		};
		8CF801FA2BCB822900EC8586 /* Debug */ = {
			isa = XCBuildConfiguration;
			buildSettings = {
				ALWAYS_EMBED_SWIFT_STANDARD_LIBRARIES = YES;
				BUNDLE_LOADER = "$(TEST_HOST)";
				CODE_SIGN_STYLE = Automatic;
				CURRENT_PROJECT_VERSION = 1;
				DEVELOPMENT_TEAM = D949FXATB8;
				GENERATE_INFOPLIST_FILE = YES;
				IPHONEOS_DEPLOYMENT_TARGET = 17.2;
				MARKETING_VERSION = 1.0;
				PRODUCT_BUNDLE_IDENTIFIER = nouman.CoinGeckoTests;
				PRODUCT_NAME = "$(TARGET_NAME)";
				SWIFT_EMIT_LOC_STRINGS = NO;
				SWIFT_VERSION = 5.0;
				TARGETED_DEVICE_FAMILY = "1,2";
				TEST_HOST = "$(BUILT_PRODUCTS_DIR)/CoinGecko.app/$(BUNDLE_EXECUTABLE_FOLDER_PATH)/CoinGecko";
			};
			name = Debug;
		};
		8CF801FB2BCB822900EC8586 /* Release */ = {
			isa = XCBuildConfiguration;
			buildSettings = {
				ALWAYS_EMBED_SWIFT_STANDARD_LIBRARIES = YES;
				BUNDLE_LOADER = "$(TEST_HOST)";
				CODE_SIGN_STYLE = Automatic;
				CURRENT_PROJECT_VERSION = 1;
				DEVELOPMENT_TEAM = D949FXATB8;
				GENERATE_INFOPLIST_FILE = YES;
				IPHONEOS_DEPLOYMENT_TARGET = 17.2;
				MARKETING_VERSION = 1.0;
				PRODUCT_BUNDLE_IDENTIFIER = nouman.CoinGeckoTests;
				PRODUCT_NAME = "$(TARGET_NAME)";
				SWIFT_EMIT_LOC_STRINGS = NO;
				SWIFT_VERSION = 5.0;
				TARGETED_DEVICE_FAMILY = "1,2";
				TEST_HOST = "$(BUILT_PRODUCTS_DIR)/CoinGecko.app/$(BUNDLE_EXECUTABLE_FOLDER_PATH)/CoinGecko";
			};
			name = Release;
		};
		8CF801FD2BCB822900EC8586 /* Debug */ = {
			isa = XCBuildConfiguration;
			buildSettings = {
				ALWAYS_EMBED_SWIFT_STANDARD_LIBRARIES = YES;
				CODE_SIGN_STYLE = Automatic;
				CURRENT_PROJECT_VERSION = 1;
				DEVELOPMENT_TEAM = D949FXATB8;
				GENERATE_INFOPLIST_FILE = YES;
				MARKETING_VERSION = 1.0;
				PRODUCT_BUNDLE_IDENTIFIER = nouman.CoinGeckoUITests;
				PRODUCT_NAME = "$(TARGET_NAME)";
				SWIFT_EMIT_LOC_STRINGS = NO;
				SWIFT_VERSION = 5.0;
				TARGETED_DEVICE_FAMILY = "1,2";
				TEST_TARGET_NAME = CoinGecko;
			};
			name = Debug;
		};
		8CF801FE2BCB822900EC8586 /* Release */ = {
			isa = XCBuildConfiguration;
			buildSettings = {
				ALWAYS_EMBED_SWIFT_STANDARD_LIBRARIES = YES;
				CODE_SIGN_STYLE = Automatic;
				CURRENT_PROJECT_VERSION = 1;
				DEVELOPMENT_TEAM = D949FXATB8;
				GENERATE_INFOPLIST_FILE = YES;
				MARKETING_VERSION = 1.0;
				PRODUCT_BUNDLE_IDENTIFIER = nouman.CoinGeckoUITests;
				PRODUCT_NAME = "$(TARGET_NAME)";
				SWIFT_EMIT_LOC_STRINGS = NO;
				SWIFT_VERSION = 5.0;
				TARGETED_DEVICE_FAMILY = "1,2";
				TEST_TARGET_NAME = CoinGecko;
			};
			name = Release;
		};
/* End XCBuildConfiguration section */

/* Begin XCConfigurationList section */
		8CF801CD2BCB822700EC8586 /* Build configuration list for PBXProject "CoinGecko" */ = {
			isa = XCConfigurationList;
			buildConfigurations = (
				8CF801F42BCB822900EC8586 /* Debug */,
				8CF801F52BCB822900EC8586 /* Release */,
			);
			defaultConfigurationIsVisible = 0;
			defaultConfigurationName = Release;
		};
		8CF801F62BCB822900EC8586 /* Build configuration list for PBXNativeTarget "CoinGecko" */ = {
			isa = XCConfigurationList;
			buildConfigurations = (
				8CF801F72BCB822900EC8586 /* Debug */,
				8CF801F82BCB822900EC8586 /* Release */,
			);
			defaultConfigurationIsVisible = 0;
			defaultConfigurationName = Release;
		};
		8CF801F92BCB822900EC8586 /* Build configuration list for PBXNativeTarget "CoinGeckoTests" */ = {
			isa = XCConfigurationList;
			buildConfigurations = (
				8CF801FA2BCB822900EC8586 /* Debug */,
				8CF801FB2BCB822900EC8586 /* Release */,
			);
			defaultConfigurationIsVisible = 0;
			defaultConfigurationName = Release;
		};
		8CF801FC2BCB822900EC8586 /* Build configuration list for PBXNativeTarget "CoinGeckoUITests" */ = {
			isa = XCConfigurationList;
			buildConfigurations = (
				8CF801FD2BCB822900EC8586 /* Debug */,
				8CF801FE2BCB822900EC8586 /* Release */,
			);
			defaultConfigurationIsVisible = 0;
			defaultConfigurationName = Release;
		};
/* End XCConfigurationList section */
	};
	rootObject = 8CF801CA2BCB822700EC8586 /* Project object */;
}
